
Microsoft Visual Studio Solution File, Format Version 12.00
# Visual Studio Version 17
VisualStudioVersion = 17.4.33205.214
MinimumVisualStudioVersion = 10.0.40219.1
Project("{FAE04EC0-301F-11D3-BF4B-00C04F79EFBC}") = "Asm_1670Final", "Asm_1670Final.csproj", "{47B57D9F-3DE4-4D67-B95D-6E4A5342DEC9}"
EndProject
Global
	GlobalSection(SolutionConfigurationPlatforms) = preSolution
		Debug|Any CPU = Debug|Any CPU
		Release|Any CPU = Release|Any CPU
	EndGlobalSection
	GlobalSection(ProjectConfigurationPlatforms) = postSolution
		{47B57D9F-3DE4-4D67-B95D-6E4A5342DEC9}.Debug|Any CPU.ActiveCfg = Debug|Any CPU
		{47B57D9F-3DE4-4D67-B95D-6E4A5342DEC9}.Debug|Any CPU.Build.0 = Debug|Any CPU
		{47B57D9F-3DE4-4D67-B95D-6E4A5342DEC9}.Release|Any CPU.ActiveCfg = Release|Any CPU
		{47B57D9F-3DE4-4D67-B95D-6E4A5342DEC9}.Release|Any CPU.Build.0 = Release|Any CPU
	EndGlobalSection
	GlobalSection(SolutionProperties) = preSolution
		HideSolutionNode = FALSE
	EndGlobalSection
	GlobalSection(ExtensibilityGlobals) = postSolution
		SolutionGuid = {2FD31A1B-2452-4E3E-B459-17EBA2853EFF}
	EndGlobalSection
EndGlobal
